Microsoft Visual Studio Solution File, Format Version 12.00
# Visual Studio Version 17
VisualStudioVersion = 17.5.2.0
MinimumVisualStudioVersion = 10.0.40219.1
Project("{2150E333-8FDC-42A3-9474-1A3956D46DE8}") = "build", "build", "{DEE5DD87-39C1-BF34-B639-A387DCCF972B}"
EndProject
Project("{2150E333-8FDC-42A3-9474-1A3956D46DE8}") = "linux", "linux", "{4EBE4700-0947-1413-20CD-821ED424B35B}"
EndProject
Project("{2150E333-8FDC-42A3-9474-1A3956D46DE8}") = "x64", "x64", "{2AA98808-34C6-0087-8769-964A36AFF07F}"
EndProject
Project("{2150E333-8FDC-42A3-9474-1A3956D46DE8}") = "debug", "debug", "{47D4336E-0097-27DF-5231-B8208243B51F}"
EndProject
Project("{2150E333-8FDC-42A3-9474-1A3956D46DE8}") = "_deps", "_deps", "{02315EA0-BFB7-3FD9-6C13-F2C5E891D99E}"
EndProject
Project("{2150E333-8FDC-42A3-9474-1A3956D46DE8}") = "sentry-native-src", "sentry-native-src", "{780F63C7-52F3-AC26-5387-5405573D1570}"
EndProject
Project("{2150E333-8FDC-42A3-9474-1A3956D46DE8}") = "tests", "tests", "{C18E3066-B20A-6372-FB2C-2AB899E4B6A0}"
EndProject
Project("{2150E333-8FDC-42A3-9474-1A3956D46DE8}") = "fixtures", "fixtures", "{554D1CE3-B21C-8A96-FA1D-6E3A0A69399A}"
EndProject
Project("{2150E333-8FDC-42A3-9474-1A3956D46DE8}") = "dotnet_signal", "dotnet_signal", "{73A0A151-CB07-0C97-B184-C9E10EAE5667}"
EndProject
Project("{FAE04EC0-301F-11D3-BF4B-00C04F79EFBC}") = "test_dotnet", "build\linux\x64\debug\_deps\sentry-native-src\tests\fixtures\dotnet_signal\test_dotnet.csproj", "{89684E00-0565-FC56-5EBC-236FB538DE99}"
EndProject
Project("{2150E333-8FDC-42A3-9474-1A3956D46DE8}") = "profile", "profile", "{AF7CEA36-BD72-161F-5510-075EFF56CA64}"
EndProject
Project("{2150E333-8FDC-42A3-9474-1A3956D46DE8}") = "_deps", "_deps", "{B3487DB0-DCE2-05DC-EB5B-F047B81FE868}"
EndProject
Project("{2150E333-8FDC-42A3-9474-1A3956D46DE8}") = "sentry-native-src", "sentry-native-src", "{D9D510CA-4515-1482-9BFB-F2C85B56B596}"
EndProject
Project("{2150E333-8FDC-42A3-9474-1A3956D46DE8}") = "tests", "tests", "{DDD29CD9-0FD4-F631-4B46-E69BC1086CA4}"
EndProject
Project("{2150E333-8FDC-42A3-9474-1A3956D46DE8}") = "fixtures", "fixtures", "{44019D61-3032-7732-E379-3077B739D081}"
EndProject
Project("{2150E333-8FDC-42A3-9474-1A3956D46DE8}") = "dotnet_signal", "dotnet_signal", "{8DBA2537-13CF-249F-F644-674A819EEADF}"
EndProject
Project("{FAE04EC0-301F-11D3-BF4B-00C04F79EFBC}") = "test_dotnet", "build\linux\x64\profile\_deps\sentry-native-src\tests\fixtures\dotnet_signal\test_dotnet.csproj", "{8CF96B62-22AA-1AF1-4B11-362EAD46D290}"
EndProject
Global
	GlobalSection(SolutionConfigurationPlatforms) = preSolution
		Debug|Any CPU = Debug|Any CPU
		Release|Any CPU = Release|Any CPU
	EndGlobalSection
	GlobalSection(ProjectConfigurationPlatforms) = postSolution
		{89684E00-0565-FC56-5EBC-236FB538DE99}.Debug|Any CPU.ActiveCfg = Debug|Any CPU
		{89684E00-0565-FC56-5EBC-236FB538DE99}.Debug|Any CPU.Build.0 = Debug|Any CPU
		{89684E00-0565-FC56-5EBC-236FB538DE99}.Release|Any CPU.ActiveCfg = Release|Any CPU
		{89684E00-0565-FC56-5EBC-236FB538DE99}.Release|Any CPU.Build.0 = Release|Any CPU
		{8CF96B62-22AA-1AF1-4B11-362EAD46D290}.Debug|Any CPU.ActiveCfg = Debug|Any CPU
		{8CF96B62-22AA-1AF1-4B11-362EAD46D290}.Debug|Any CPU.Build.0 = Debug|Any CPU
		{8CF96B62-22AA-1AF1-4B11-362EAD46D290}.Release|Any CPU.ActiveCfg = Release|Any CPU
		{8CF96B62-22AA-1AF1-4B11-362EAD46D290}.Release|Any CPU.Build.0 = Release|Any CPU
	EndGlobalSection
	GlobalSection(SolutionProperties) = preSolution
		HideSolutionNode = FALSE
	EndGlobalSection
	GlobalSection(NestedProjects) = preSolution
		{4EBE4700-0947-1413-20CD-821ED424B35B} = {DEE5DD87-39C1-BF34-B639-A387DCCF972B}
		{2AA98808-34C6-0087-8769-964A36AFF07F} = {4EBE4700-0947-1413-20CD-821ED424B35B}
		{47D4336E-0097-27DF-5231-B8208243B51F} = {2AA98808-34C6-0087-8769-964A36AFF07F}
		{02315EA0-BFB7-3FD9-6C13-F2C5E891D99E} = {47D4336E-0097-27DF-5231-B8208243B51F}
		{780F63C7-52F3-AC26-5387-5405573D1570} = {02315EA0-BFB7-3FD9-6C13-F2C5E891D99E}
		{C18E3066-B20A-6372-FB2C-2AB899E4B6A0} = {780F63C7-52F3-AC26-5387-5405573D1570}
		{554D1CE3-B21C-8A96-FA1D-6E3A0A69399A} = {C18E3066-B20A-6372-FB2C-2AB899E4B6A0}
		{73A0A151-CB07-0C97-B184-C9E10EAE5667} = {554D1CE3-B21C-8A96-FA1D-6E3A0A69399A}
		{89684E00-0565-FC56-5EBC-236FB538DE99} = {73A0A151-CB07-0C97-B184-C9E10EAE5667}
		{AF7CEA36-BD72-161F-5510-075EFF56CA64} = {2AA98808-34C6-0087-8769-964A36AFF07F}
		{B3487DB0-DCE2-05DC-EB5B-F047B81FE868} = {AF7CEA36-BD72-161F-5510-075EFF56CA64}
		{D9D510CA-4515-1482-9BFB-F2C85B56B596} = {B3487DB0-DCE2-05DC-EB5B-F047B81FE868}
		{DDD29CD9-0FD4-F631-4B46-E69BC1086CA4} = {D9D510CA-4515-1482-9BFB-F2C85B56B596}
		{44019D61-3032-7732-E379-3077B739D081} = {DDD29CD9-0FD4-F631-4B46-E69BC1086CA4}
		{8DBA2537-13CF-249F-F644-674A819EEADF} = {44019D61-3032-7732-E379-3077B739D081}
		{8CF96B62-22AA-1AF1-4B11-362EAD46D290} = {8DBA2537-13CF-249F-F644-674A819EEADF}
	EndGlobalSection
	GlobalSection(ExtensibilityGlobals) = postSolution
		SolutionGuid = {A645FA14-B090-4655-AB63-BC560F452C2A}
	EndGlobalSection
EndGlobal
